
Microsoft Visual Studio Solution File, Format Version 12.00
# Visual Studio Version 16
VisualStudioVersion = 16.0.31729.503
MinimumVisualStudioVersion = 10.0.40219.1
Project("{FAE04EC0-301F-11D3-BF4B-00C04F79EFBC}") = "ToyRobot5", "ToyRobot5\ToyRobot5.csproj", "{1DC2A750-E77A-49E6-B47B-7CADEC3872BA}"
EndProject
Global
	GlobalSection(SolutionConfigurationPlatforms) = preSolution
		Debug|Any CPU = Debug|Any CPU
		Release|Any CPU = Release|Any CPU
	EndGlobalSection
	GlobalSection(ProjectConfigurationPlatforms) = postSolution
		{1DC2A750-E77A-49E6-B47B-7CADEC3872BA}.Debug|Any CPU.ActiveCfg = Debug|Any CPU
		{1DC2A750-E77A-49E6-B47B-7CADEC3872BA}.Debug|Any CPU.Build.0 = Debug|Any CPU
		{1DC2A750-E77A-49E6-B47B-7CADEC3872BA}.Release|Any CPU.ActiveCfg = Release|Any CPU
		{1DC2A750-E77A-49E6-B47B-7CADEC3872BA}.Release|Any CPU.Build.0 = Release|Any CPU
	EndGlobalSection
	GlobalSection(SolutionProperties) = preSolution
		HideSolutionNode = FALSE
	EndGlobalSection
	GlobalSection(ExtensibilityGlobals) = postSolution
		SolutionGuid = {58BF6AD7-2C68-434E-89EB-E90CDC4DDFB6}
	EndGlobalSection
EndGlobal
